// !$*UTF8*$!
{
	archiveVersion = 1;
	classes = {
	};
	objectVersion = 55;
	objects = {

/* Begin PBXBuildFile section */
		67B6EB622A25408A0004E173 /* PolyCore.framework in Frameworks */ = {isa = PBXBuildFile; fileRef = 67B6EB572A25408A0004E173 /* PolyCore.framework */; };
		67B6EB672A25408A0004E173 /* PolyCoreTests.swift in Sources */ = {isa = PBXBuildFile; fileRef = 67B6EB662A25408A0004E173 /* PolyCoreTests.swift */; };
		67B6EB682A25408A0004E173 /* PolyCore.h in Headers */ = {isa = PBXBuildFile; fileRef = 67B6EB5A2A25408A0004E173 /* PolyCore.h */; settings = {ATTRIBUTES = (Public, ); }; };
		67B6EB8C2A2549B60004E173 /* LYCollectionViewLayout.h in Headers */ = {isa = PBXBuildFile; fileRef = 67B6EB7B2A2549B60004E173 /* LYCollectionViewLayout.h */; settings = {ATTRIBUTES = (Public, ); }; };
		67B6EB8D2A2549B60004E173 /* LYPageViewController.m in Sources */ = {isa = PBXBuildFile; fileRef = 67B6EB7C2A2549B60004E173 /* LYPageViewController.m */; };
		67B6EB8E2A2549B60004E173 /* LYPage.m in Sources */ = {isa = PBXBuildFile; fileRef = 67B6EB7D2A2549B60004E173 /* LYPage.m */; };
		67B6EB8F2A2549B60004E173 /* LYCollectionViewBehavior.h in Headers */ = {isa = PBXBuildFile; fileRef = 67B6EB7E2A2549B60004E173 /* LYCollectionViewBehavior.h */; settings = {ATTRIBUTES = (Public, ); }; };
		67B6EB902A2549B60004E173 /* LYCollectionViewCustomBehavior.h in Headers */ = {isa = PBXBuildFile; fileRef = 67B6EB7F2A2549B60004E173 /* LYCollectionViewCustomBehavior.h */; settings = {ATTRIBUTES = (Public, ); }; };
		67B6EB912A2549B60004E173 /* UIKit+LYAdditions.m in Sources */ = {isa = PBXBuildFile; fileRef = 67B6EB802A2549B60004E173 /* UIKit+LYAdditions.m */; };
		67B6EB922A2549B60004E173 /* LYSection.h in Headers */ = {isa = PBXBuildFile; fileRef = 67B6EB812A2549B60004E173 /* LYSection.h */; settings = {ATTRIBUTES = (Public, ); }; };
		67B6EB932A2549B60004E173 /* README.md in Resources */ = {isa = PBXBuildFile; fileRef = 67B6EB822A2549B60004E173 /* README.md */; };
		67B6EB942A2549B60004E173 /* LYCollectionViewLayout.m in Sources */ = {isa = PBXBuildFile; fileRef = 67B6EB832A2549B60004E173 /* LYCollectionViewLayout.m */; };
		67B6EB952A2549B60004E173 /* LYPageLayout.h in Headers */ = {isa = PBXBuildFile; fileRef = 67B6EB842A2549B60004E173 /* LYPageLayout.h */; settings = {ATTRIBUTES = (Public, ); }; };
		67B6EB962A2549B60004E173 /* LYPage.h in Headers */ = {isa = PBXBuildFile; fileRef = 67B6EB852A2549B60004E173 /* LYPage.h */; settings = {ATTRIBUTES = (Public, ); }; };
		67B6EB972A2549B60004E173 /* LYPageViewController.h in Headers */ = {isa = PBXBuildFile; fileRef = 67B6EB862A2549B60004E173 /* LYPageViewController.h */; settings = {ATTRIBUTES = (Public, ); }; };
		67B6EB982A2549B60004E173 /* LYCollectionViewCustomBehavior.swift in Sources */ = {isa = PBXBuildFile; fileRef = 67B6EB872A2549B60004E173 /* LYCollectionViewCustomBehavior.swift */; };
		67B6EB9A2A2549B60004E173 /* UIKit+LYAdditions.h in Headers */ = {isa = PBXBuildFile; fileRef = 67B6EB892A2549B60004E173 /* UIKit+LYAdditions.h */; settings = {ATTRIBUTES = (Public, ); }; };
		67B6EB9B2A2549B60004E173 /* LYCollectionViewCustomBehavior.m in Sources */ = {isa = PBXBuildFile; fileRef = 67B6EB8A2A2549B60004E173 /* LYCollectionViewCustomBehavior.m */; };
		67B6EB9C2A2549B60004E173 /* LYCollectionViewBehavior.m in Sources */ = {isa = PBXBuildFile; fileRef = 67B6EB8B2A2549B60004E173 /* LYCollectionViewBehavior.m */; };
		67B6EBA22A2550E20004E173 /* Tasks.swift in Sources */ = {isa = PBXBuildFile; fileRef = 67B6EBA02A2550E20004E173 /* Tasks.swift */; };
		67B6EBA32A2550E60004E173 /* Tasks_Tests.swift in Sources */ = {isa = PBXBuildFile; fileRef = 67B6EB9F2A2550E20004E173 /* Tasks_Tests.swift */; };
		67B6EBA62A2551430004E173 /* Errors.swift in Sources */ = {isa = PBXBuildFile; fileRef = 67B6EBA52A2551430004E173 /* Errors.swift */; };
		67B6EBA92A2565140004E173 /* Action.swift in Sources */ = {isa = PBXBuildFile; fileRef = 67B6EBA82A2565140004E173 /* Action.swift */; };
		67B6EBAB2A2566850004E173 /* AlertAction.swift in Sources */ = {isa = PBXBuildFile; fileRef = 67B6EBAA2A2566850004E173 /* AlertAction.swift */; };
		67B6EBAD2A2568440004E173 /* CollectionExtensions.swift in Sources */ = {isa = PBXBuildFile; fileRef = 67B6EBAC2A2568440004E173 /* CollectionExtensions.swift */; };
		67B6EBB02A256DE90004E173 /* SwipeCellKit.framework in Frameworks */ = {isa = PBXBuildFile; fileRef = 67B6EBAF2A256DE90004E173 /* SwipeCellKit.framework */; };
		67B6EBB32A256E770004E173 /* SectionStyle.swift in Sources */ = {isa = PBXBuildFile; fileRef = 67B6EBB22A256E770004E173 /* SectionStyle.swift */; };
		67B6EBB62A256ED90004E173 /* BasicSection.swift in Sources */ = {isa = PBXBuildFile; fileRef = 67B6EBB42A256ED90004E173 /* BasicSection.swift */; };
		67B6EBB72A256ED90004E173 /* BasicView.swift in Sources */ = {isa = PBXBuildFile; fileRef = 67B6EBB52A256ED90004E173 /* BasicView.swift */; };
		67B6EBB92A256F210004E173 /* ButtonSection.swift in Sources */ = {isa = PBXBuildFile; fileRef = 67B6EBB82A256F210004E173 /* ButtonSection.swift */; };
		67B6EBBB2A256FBE0004E173 /* ContextMenuAction.swift in Sources */ = {isa = PBXBuildFile; fileRef = 67B6EBBA2A256FBE0004E173 /* ContextMenuAction.swift */; };
		67B6EBBD2A256FE90004E173 /* PanMenuAction.swift in Sources */ = {isa = PBXBuildFile; fileRef = 67B6EBBC2A256FE90004E173 /* PanMenuAction.swift */; };
		67B6EBC02A25A01F0004E173 /* SeparatorSection.swift in Sources */ = {isa = PBXBuildFile; fileRef = 67B6EBBF2A25A01F0004E173 /* SeparatorSection.swift */; };
		67B6EBC62A25A1420004E173 /* Theme.swift in Sources */ = {isa = PBXBuildFile; fileRef = 67B6EBC52A25A1420004E173 /* Theme.swift */; };
		67B6EBC82A25A2A70004E173 /* ThemeController.swift in Sources */ = {isa = PBXBuildFile; fileRef = 67B6EBC72A25A2A70004E173 /* ThemeController.swift */; };
		67B6EBCA2A25A3550004E173 /* UI.swift in Sources */ = {isa = PBXBuildFile; fileRef = 67B6EBC92A25A3550004E173 /* UI.swift */; };
		67B6EBCF2A25A3FF0004E173 /* Resources.swift in Sources */ = {isa = PBXBuildFile; fileRef = 67B6EBCD2A25A3FF0004E173 /* Resources.swift */; };
		67B6EBD02A25A3FF0004E173 /* Colors.swift in Sources */ = {isa = PBXBuildFile; fileRef = 67B6EBCE2A25A3FF0004E173 /* Colors.swift */; };
		67B6EBD22A25A4980004E173 /* Assets.xcassets in Resources */ = {isa = PBXBuildFile; fileRef = 67B6EBD12A25A4980004E173 /* Assets.xcassets */; };
		67B6EBD42A25A4EF0004E173 /* UIImageExtensions.swift in Sources */ = {isa = PBXBuildFile; fileRef = 67B6EBD32A25A4EF0004E173 /* UIImageExtensions.swift */; };
		67B6EBD62A25A5590004E173 /* UIColorExtensions.swift in Sources */ = {isa = PBXBuildFile; fileRef = 67B6EBD52A25A5590004E173 /* UIColorExtensions.swift */; };
		67B6EBD82A25A5BA0004E173 /* SpacerSection.swift in Sources */ = {isa = PBXBuildFile; fileRef = 67B6EBD72A25A5BA0004E173 /* SpacerSection.swift */; };
		67B6EBDA2A25A7F60004E173 /* BundleExtensions.swift in Sources */ = {isa = PBXBuildFile; fileRef = 67B6EBD92A25A7F60004E173 /* BundleExtensions.swift */; };
		67B6EBDC2A25BE150004E173 /* LoadingSection.swift in Sources */ = {isa = PBXBuildFile; fileRef = 67B6EBDB2A25BE150004E173 /* LoadingSection.swift */; };
		67B6EBDE2A25BE4B0004E173 /* ImageSection.swift in Sources */ = {isa = PBXBuildFile; fileRef = 67B6EBDD2A25BE4B0004E173 /* ImageSection.swift */; };
		67B6EBE02A25BE730004E173 /* ButtonGroupSection.swift in Sources */ = {isa = PBXBuildFile; fileRef = 67B6EBDF2A25BE730004E173 /* ButtonGroupSection.swift */; };
		67B6EBE22A25BEA10004E173 /* SegmentedControlSection.swift in Sources */ = {isa = PBXBuildFile; fileRef = 67B6EBE12A25BEA10004E173 /* SegmentedControlSection.swift */; };
		67B6EBE42A25BEC80004E173 /* PickerSection.swift in Sources */ = {isa = PBXBuildFile; fileRef = 67B6EBE32A25BEC80004E173 /* PickerSection.swift */; };
		67B6EBE82A25BEFE0004E173 /* SwitchSection.swift in Sources */ = {isa = PBXBuildFile; fileRef = 67B6EBE52A25BEFE0004E173 /* SwitchSection.swift */; };
		67B6EBE92A25BEFE0004E173 /* StepperSection.swift in Sources */ = {isa = PBXBuildFile; fileRef = 67B6EBE62A25BEFE0004E173 /* StepperSection.swift */; };
		67B6EBEA2A25BEFE0004E173 /* SliderSection.swift in Sources */ = {isa = PBXBuildFile; fileRef = 67B6EBE72A25BEFE0004E173 /* SliderSection.swift */; };
		67B6EBED2A25BF620004E173 /* AppearanceSection.swift in Sources */ = {isa = PBXBuildFile; fileRef = 67B6EBEB2A25BF620004E173 /* AppearanceSection.swift */; };
		67B6EBEE2A25BF620004E173 /* TitleSection.swift in Sources */ = {isa = PBXBuildFile; fileRef = 67B6EBEC2A25BF620004E173 /* TitleSection.swift */; };
		67B6EBF02A25BFE50004E173 /* ProButtonSection.swift in Sources */ = {isa = PBXBuildFile; fileRef = 67B6EBEF2A25BFE50004E173 /* ProButtonSection.swift */; };
		67B6EBF22A25C06A0004E173 /* TextFieldSection.swift in Sources */ = {isa = PBXBuildFile; fileRef = 67B6EBF12A25C06A0004E173 /* TextFieldSection.swift */; };
		67B6EBF42A2725780004E173 /* Alert.swift in Sources */ = {isa = PBXBuildFile; fileRef = 67B6EBF32A2725780004E173 /* Alert.swift */; };
		67B6EBF62A286D350004E173 /* GenericSections.swift in Sources */ = {isa = PBXBuildFile; fileRef = 67B6EBF52A286D350004E173 /* GenericSections.swift */; };
		67B6EBFC2A286DFF0004E173 /* Debouncer.swift in Sources */ = {isa = PBXBuildFile; fileRef = 67B6EBF82A286DFF0004E173 /* Debouncer.swift */; };
		67B6EBFD2A286DFF0004E173 /* Cache.swift in Sources */ = {isa = PBXBuildFile; fileRef = 67B6EBF92A286DFF0004E173 /* Cache.swift */; };
		67B6EC022A286E190004E173 /* PageState.swift in Sources */ = {isa = PBXBuildFile; fileRef = 67B6EC002A286E190004E173 /* PageState.swift */; };
		67B6EC032A286EB70004E173 /* PageState_Tests.swift in Sources */ = {isa = PBXBuildFile; fileRef = 67B6EBFF2A286E190004E173 /* PageState_Tests.swift */; };
		67B6EC042A286EB90004E173 /* Cache_Tests.swift in Sources */ = {isa = PBXBuildFile; fileRef = 67B6EBFA2A286DFF0004E173 /* Cache_Tests.swift */; };
		67B6EC052A286EBC0004E173 /* Debouncer_Tests.swift in Sources */ = {isa = PBXBuildFile; fileRef = 67B6EBF72A286DFF0004E173 /* Debouncer_Tests.swift */; };
		67B6EC092A288DB80004E173 /* BarItem.swift in Sources */ = {isa = PBXBuildFile; fileRef = 67B6EC082A288DB80004E173 /* BarItem.swift */; };
		67B6EC0B2A36D4B10004E173 /* ContentView.swift in Sources */ = {isa = PBXBuildFile; fileRef = 67B6EC0A2A36D4B10004E173 /* ContentView.swift */; };
		67B6EC0D2A36D7160004E173 /* LoadingPage.swift in Sources */ = {isa = PBXBuildFile; fileRef = 67B6EC0C2A36D7160004E173 /* LoadingPage.swift */; };
		67B6EC0F2A36D76B0004E173 /* KeyboardShortcut.swift in Sources */ = {isa = PBXBuildFile; fileRef = 67B6EC0E2A36D76B0004E173 /* KeyboardShortcut.swift */; };
		67B6EC482A395C770004E173 /* Alamofire.framework in Frameworks */ = {isa = PBXBuildFile; fileRef = 67B6EC472A395C770004E173 /* Alamofire.framework */; };
		67B6EC4A2A395CB50004E173 /* AlamofireImage.framework in Frameworks */ = {isa = PBXBuildFile; fileRef = 67B6EC492A395CB50004E173 /* AlamofireImage.framework */; };
/* End PBXBuildFile section */

/* Begin PBXContainerItemProxy section */
		67B6EB632A25408A0004E173 /* PBXContainerItemProxy */ = {
			isa = PBXContainerItemProxy;
			containerPortal = 67B6EB4E2A25408A0004E173 /* Project object */;
			proxyType = 1;
			remoteGlobalIDString = 67B6EB562A25408A0004E173;
			remoteInfo = PolyCore;
		};
/* End PBXContainerItemProxy section */

/* Begin PBXFileReference section */
		67B6EB572A25408A0004E173 /* PolyCore.framework */ = {isa = PBXFileReference; explicitFileType = wrapper.framework; includeInIndex = 0; path = PolyCore.framework; sourceTree = BUILT_PRODUCTS_DIR; };
		67B6EB5A2A25408A0004E173 /* PolyCore.h */ = {isa = PBXFileReference; lastKnownFileType = sourcecode.c.h; path = PolyCore.h; sourceTree = "<group>"; };
		67B6EB612A25408A0004E173 /* PolyCoreTests.xctest */ = {isa = PBXFileReference; explicitFileType = wrapper.cfbundle; includeInIndex = 0; path = PolyCoreTests.xctest; sourceTree = BUILT_PRODUCTS_DIR; };
		67B6EB662A25408A0004E173 /* PolyCoreTests.swift */ = {isa = PBXFileReference; lastKnownFileType = sourcecode.swift; path = PolyCoreTests.swift; sourceTree = "<group>"; };
		67B6EB7B2A2549B60004E173 /* LYCollectionViewLayout.h */ = {isa = PBXFileReference; fileEncoding = 4; lastKnownFileType = sourcecode.c.h; path = LYCollectionViewLayout.h; sourceTree = "<group>"; };
		67B6EB7C2A2549B60004E173 /* LYPageViewController.m */ = {isa = PBXFileReference; fileEncoding = 4; lastKnownFileType = sourcecode.c.objc; path = LYPageViewController.m; sourceTree = "<group>"; };
		67B6EB7D2A2549B60004E173 /* LYPage.m */ = {isa = PBXFileReference; fileEncoding = 4; lastKnownFileType = sourcecode.c.objc; path = LYPage.m; sourceTree = "<group>"; };
		67B6EB7E2A2549B60004E173 /* LYCollectionViewBehavior.h */ = {isa = PBXFileReference; fileEncoding = 4; lastKnownFileType = sourcecode.c.h; path = LYCollectionViewBehavior.h; sourceTree = "<group>"; };
		67B6EB7F2A2549B60004E173 /* LYCollectionViewCustomBehavior.h */ = {isa = PBXFileReference; fileEncoding = 4; lastKnownFileType = sourcecode.c.h; path = LYCollectionViewCustomBehavior.h; sourceTree = "<group>"; };
		67B6EB802A2549B60004E173 /* UIKit+LYAdditions.m */ = {isa = PBXFileReference; fileEncoding = 4; lastKnownFileType = sourcecode.c.objc; path = "UIKit+LYAdditions.m"; sourceTree = "<group>"; };
		67B6EB812A2549B60004E173 /* LYSection.h */ = {isa = PBXFileReference; fileEncoding = 4; lastKnownFileType = sourcecode.c.h; path = LYSection.h; sourceTree = "<group>"; };
		67B6EB822A2549B60004E173 /* README.md */ = {isa = PBXFileReference; fileEncoding = 4; lastKnownFileType = net.daringfireball.markdown; path = README.md; sourceTree = "<group>"; };
		67B6EB832A2549B60004E173 /* LYCollectionViewLayout.m */ = {isa = PBXFileReference; fileEncoding = 4; lastKnownFileType = sourcecode.c.objc; path = LYCollectionViewLayout.m; sourceTree = "<group>"; };
		67B6EB842A2549B60004E173 /* LYPageLayout.h */ = {isa = PBXFileReference; fileEncoding = 4; lastKnownFileType = sourcecode.c.h; path = LYPageLayout.h; sourceTree = "<group>"; };
		67B6EB852A2549B60004E173 /* LYPage.h */ = {isa = PBXFileReference; fileEncoding = 4; lastKnownFileType = sourcecode.c.h; path = LYPage.h; sourceTree = "<group>"; };
		67B6EB862A2549B60004E173 /* LYPageViewController.h */ = {isa = PBXFileReference; fileEncoding = 4; lastKnownFileType = sourcecode.c.h; path = LYPageViewController.h; sourceTree = "<group>"; };
		67B6EB872A2549B60004E173 /* LYCollectionViewCustomBehavior.swift */ = {isa = PBXFileReference; fileEncoding = 4; lastKnownFileType = sourcecode.swift; path = LYCollectionViewCustomBehavior.swift; sourceTree = "<group>"; };
		67B6EB892A2549B60004E173 /* UIKit+LYAdditions.h */ = {isa = PBXFileReference; fileEncoding = 4; lastKnownFileType = sourcecode.c.h; path = "UIKit+LYAdditions.h"; sourceTree = "<group>"; };
		67B6EB8A2A2549B60004E173 /* LYCollectionViewCustomBehavior.m */ = {isa = PBXFileReference; fileEncoding = 4; lastKnownFileType = sourcecode.c.objc; path = LYCollectionViewCustomBehavior.m; sourceTree = "<group>"; };
		67B6EB8B2A2549B60004E173 /* LYCollectionViewBehavior.m */ = {isa = PBXFileReference; fileEncoding = 4; lastKnownFileType = sourcecode.c.objc; path = LYCollectionViewBehavior.m; sourceTree = "<group>"; };
		67B6EB9F2A2550E20004E173 /* Tasks_Tests.swift */ = {isa = PBXFileReference; fileEncoding = 4; lastKnownFileType = sourcecode.swift; path = Tasks_Tests.swift; sourceTree = "<group>"; };
		67B6EBA02A2550E20004E173 /* Tasks.swift */ = {isa = PBXFileReference; fileEncoding = 4; lastKnownFileType = sourcecode.swift; path = Tasks.swift; sourceTree = "<group>"; };
		67B6EBA52A2551430004E173 /* Errors.swift */ = {isa = PBXFileReference; lastKnownFileType = sourcecode.swift; path = Errors.swift; sourceTree = "<group>"; };
		67B6EBA82A2565140004E173 /* Action.swift */ = {isa = PBXFileReference; lastKnownFileType = sourcecode.swift; path = Action.swift; sourceTree = "<group>"; };
		67B6EBAA2A2566850004E173 /* AlertAction.swift */ = {isa = PBXFileReference; lastKnownFileType = sourcecode.swift; path = AlertAction.swift; sourceTree = "<group>"; };
		67B6EBAC2A2568440004E173 /* CollectionExtensions.swift */ = {isa = PBXFileReference; lastKnownFileType = sourcecode.swift; path = CollectionExtensions.swift; sourceTree = "<group>"; };
		67B6EBAF2A256DE90004E173 /* SwipeCellKit.framework */ = {isa = PBXFileReference; explicitFileType = wrapper.framework; path = SwipeCellKit.framework; sourceTree = BUILT_PRODUCTS_DIR; };
		67B6EBB22A256E770004E173 /* SectionStyle.swift */ = {isa = PBXFileReference; fileEncoding = 4; lastKnownFileType = sourcecode.swift; path = SectionStyle.swift; sourceTree = "<group>"; };
		67B6EBB42A256ED90004E173 /* BasicSection.swift */ = {isa = PBXFileReference; fileEncoding = 4; lastKnownFileType = sourcecode.swift; path = BasicSection.swift; sourceTree = "<group>"; };
		67B6EBB52A256ED90004E173 /* BasicView.swift */ = {isa = PBXFileReference; fileEncoding = 4; lastKnownFileType = sourcecode.swift; path = BasicView.swift; sourceTree = "<group>"; };
		67B6EBB82A256F210004E173 /* ButtonSection.swift */ = {isa = PBXFileReference; fileEncoding = 4; lastKnownFileType = sourcecode.swift; path = ButtonSection.swift; sourceTree = "<group>"; };
		67B6EBBA2A256FBE0004E173 /* ContextMenuAction.swift */ = {isa = PBXFileReference; fileEncoding = 4; lastKnownFileType = sourcecode.swift; path = ContextMenuAction.swift; sourceTree = "<group>"; };
		67B6EBBC2A256FE90004E173 /* PanMenuAction.swift */ = {isa = PBXFileReference; fileEncoding = 4; lastKnownFileType = sourcecode.swift; path = PanMenuAction.swift; sourceTree = "<group>"; };
		67B6EBBF2A25A01F0004E173 /* SeparatorSection.swift */ = {isa = PBXFileReference; fileEncoding = 4; lastKnownFileType = sourcecode.swift; path = SeparatorSection.swift; sourceTree = "<group>"; };
		67B6EBC52A25A1420004E173 /* Theme.swift */ = {isa = PBXFileReference; fileEncoding = 4; lastKnownFileType = sourcecode.swift; path = Theme.swift; sourceTree = "<group>"; };
		67B6EBC72A25A2A70004E173 /* ThemeController.swift */ = {isa = PBXFileReference; fileEncoding = 4; lastKnownFileType = sourcecode.swift; path = ThemeController.swift; sourceTree = "<group>"; };
		67B6EBC92A25A3550004E173 /* UI.swift */ = {isa = PBXFileReference; fileEncoding = 4; lastKnownFileType = sourcecode.swift; path = UI.swift; sourceTree = "<group>"; };
		67B6EBCD2A25A3FF0004E173 /* Resources.swift */ = {isa = PBXFileReference; fileEncoding = 4; lastKnownFileType = sourcecode.swift; path = Resources.swift; sourceTree = "<group>"; };
		67B6EBCE2A25A3FF0004E173 /* Colors.swift */ = {isa = PBXFileReference; fileEncoding = 4; lastKnownFileType = sourcecode.swift; path = Colors.swift; sourceTree = "<group>"; };
		67B6EBD12A25A4980004E173 /* Assets.xcassets */ = {isa = PBXFileReference; lastKnownFileType = folder.assetcatalog; path = Assets.xcassets; sourceTree = "<group>"; };
		67B6EBD32A25A4EF0004E173 /* UIImageExtensions.swift */ = {isa = PBXFileReference; fileEncoding = 4; lastKnownFileType = sourcecode.swift; path = UIImageExtensions.swift; sourceTree = "<group>"; };
		67B6EBD52A25A5590004E173 /* UIColorExtensions.swift */ = {isa = PBXFileReference; fileEncoding = 4; lastKnownFileType = sourcecode.swift; path = UIColorExtensions.swift; sourceTree = "<group>"; };
		67B6EBD72A25A5BA0004E173 /* SpacerSection.swift */ = {isa = PBXFileReference; fileEncoding = 4; lastKnownFileType = sourcecode.swift; path = SpacerSection.swift; sourceTree = "<group>"; };
		67B6EBD92A25A7F60004E173 /* BundleExtensions.swift */ = {isa = PBXFileReference; lastKnownFileType = sourcecode.swift; path = BundleExtensions.swift; sourceTree = "<group>"; };
		67B6EBDB2A25BE150004E173 /* LoadingSection.swift */ = {isa = PBXFileReference; fileEncoding = 4; lastKnownFileType = sourcecode.swift; path = LoadingSection.swift; sourceTree = "<group>"; };
		67B6EBDD2A25BE4B0004E173 /* ImageSection.swift */ = {isa = PBXFileReference; fileEncoding = 4; lastKnownFileType = sourcecode.swift; path = ImageSection.swift; sourceTree = "<group>"; };
		67B6EBDF2A25BE730004E173 /* ButtonGroupSection.swift */ = {isa = PBXFileReference; fileEncoding = 4; lastKnownFileType = sourcecode.swift; path = ButtonGroupSection.swift; sourceTree = "<group>"; };
		67B6EBE12A25BEA10004E173 /* SegmentedControlSection.swift */ = {isa = PBXFileReference; fileEncoding = 4; lastKnownFileType = sourcecode.swift; path = SegmentedControlSection.swift; sourceTree = "<group>"; };
		67B6EBE32A25BEC80004E173 /* PickerSection.swift */ = {isa = PBXFileReference; fileEncoding = 4; lastKnownFileType = sourcecode.swift; path = PickerSection.swift; sourceTree = "<group>"; };
		67B6EBE52A25BEFE0004E173 /* SwitchSection.swift */ = {isa = PBXFileReference; fileEncoding = 4; lastKnownFileType = sourcecode.swift; path = SwitchSection.swift; sourceTree = "<group>"; };
		67B6EBE62A25BEFE0004E173 /* StepperSection.swift */ = {isa = PBXFileReference; fileEncoding = 4; lastKnownFileType = sourcecode.swift; path = StepperSection.swift; sourceTree = "<group>"; };
		67B6EBE72A25BEFE0004E173 /* SliderSection.swift */ = {isa = PBXFileReference; fileEncoding = 4; lastKnownFileType = sourcecode.swift; path = SliderSection.swift; sourceTree = "<group>"; };
		67B6EBEB2A25BF620004E173 /* AppearanceSection.swift */ = {isa = PBXFileReference; fileEncoding = 4; lastKnownFileType = sourcecode.swift; path = AppearanceSection.swift; sourceTree = "<group>"; };
		67B6EBEC2A25BF620004E173 /* TitleSection.swift */ = {isa = PBXFileReference; fileEncoding = 4; lastKnownFileType = sourcecode.swift; path = TitleSection.swift; sourceTree = "<group>"; };
		67B6EBEF2A25BFE50004E173 /* ProButtonSection.swift */ = {isa = PBXFileReference; fileEncoding = 4; lastKnownFileType = sourcecode.swift; path = ProButtonSection.swift; sourceTree = "<group>"; };
		67B6EBF12A25C06A0004E173 /* TextFieldSection.swift */ = {isa = PBXFileReference; fileEncoding = 4; lastKnownFileType = sourcecode.swift; path = TextFieldSection.swift; sourceTree = "<group>"; };
		67B6EBF32A2725780004E173 /* Alert.swift */ = {isa = PBXFileReference; fileEncoding = 4; lastKnownFileType = sourcecode.swift; path = Alert.swift; sourceTree = "<group>"; };
		67B6EBF52A286D350004E173 /* GenericSections.swift */ = {isa = PBXFileReference; fileEncoding = 4; lastKnownFileType = sourcecode.swift; path = GenericSections.swift; sourceTree = "<group>"; };
		67B6EBF72A286DFF0004E173 /* Debouncer_Tests.swift */ = {isa = PBXFileReference; fileEncoding = 4; lastKnownFileType = sourcecode.swift; path = Debouncer_Tests.swift; sourceTree = "<group>"; };
		67B6EBF82A286DFF0004E173 /* Debouncer.swift */ = {isa = PBXFileReference; fileEncoding = 4; lastKnownFileType = sourcecode.swift; path = Debouncer.swift; sourceTree = "<group>"; };
		67B6EBF92A286DFF0004E173 /* Cache.swift */ = {isa = PBXFileReference; fileEncoding = 4; lastKnownFileType = sourcecode.swift; path = Cache.swift; sourceTree = "<group>"; };
		67B6EBFA2A286DFF0004E173 /* Cache_Tests.swift */ = {isa = PBXFileReference; fileEncoding = 4; lastKnownFileType = sourcecode.swift; path = Cache_Tests.swift; sourceTree = "<group>"; };
		67B6EBFF2A286E190004E173 /* PageState_Tests.swift */ = {isa = PBXFileReference; fileEncoding = 4; lastKnownFileType = sourcecode.swift; path = PageState_Tests.swift; sourceTree = "<group>"; };
		67B6EC002A286E190004E173 /* PageState.swift */ = {isa = PBXFileReference; fileEncoding = 4; lastKnownFileType = sourcecode.swift; path = PageState.swift; sourceTree = "<group>"; };
		67B6EC082A288DB80004E173 /* BarItem.swift */ = {isa = PBXFileReference; fileEncoding = 4; lastKnownFileType = sourcecode.swift; path = BarItem.swift; sourceTree = "<group>"; };
		67B6EC0A2A36D4B10004E173 /* ContentView.swift */ = {isa = PBXFileReference; fileEncoding = 4; lastKnownFileType = sourcecode.swift; path = ContentView.swift; sourceTree = "<group>"; };
		67B6EC0C2A36D7160004E173 /* LoadingPage.swift */ = {isa = PBXFileReference; fileEncoding = 4; lastKnownFileType = sourcecode.swift; path = LoadingPage.swift; sourceTree = "<group>"; };
		67B6EC0E2A36D76B0004E173 /* KeyboardShortcut.swift */ = {isa = PBXFileReference; fileEncoding = 4; lastKnownFileType = sourcecode.swift; path = KeyboardShortcut.swift; sourceTree = "<group>"; };
		67B6EC472A395C770004E173 /* Alamofire.framework */ = {isa = PBXFileReference; explicitFileType = wrapper.framework; path = Alamofire.framework; sourceTree = BUILT_PRODUCTS_DIR; };
		67B6EC492A395CB50004E173 /* AlamofireImage.framework */ = {isa = PBXFileReference; explicitFileType = wrapper.framework; path = AlamofireImage.framework; sourceTree = BUILT_PRODUCTS_DIR; };
/* End PBXFileReference section */

/* Begin PBXFrameworksBuildPhase section */
		67B6EB542A25408A0004E173 /* Frameworks */ = {
			isa = PBXFrameworksBuildPhase;
			buildActionMask = 2147483647;
			files = (
				67B6EC4A2A395CB50004E173 /* AlamofireImage.framework in Frameworks */,
				67B6EBB02A256DE90004E173 /* SwipeCellKit.framework in Frameworks */,
				67B6EC482A395C770004E173 /* Alamofire.framework in Frameworks */,
			);
			runOnlyForDeploymentPostprocessing = 0;
		};
		67B6EB5E2A25408A0004E173 /* Frameworks */ = {
			isa = PBXFrameworksBuildPhase;
			buildActionMask = 2147483647;
			files = (
				67B6EB622A25408A0004E173 /* PolyCore.framework in Frameworks */,
			);
			runOnlyForDeploymentPostprocessing = 0;
		};
/* End PBXFrameworksBuildPhase section */

/* Begin PBXGroup section */
		67B6EB4D2A25408A0004E173 = {
			isa = PBXGroup;
			children = (
				67B6EB592A25408A0004E173 /* PolyCore */,
				67B6EB652A25408A0004E173 /* PolyCoreTests */,
				67B6EB582A25408A0004E173 /* Products */,
				67B6EBAE2A256DE90004E173 /* Frameworks */,
			);
			sourceTree = "<group>";
		};
		67B6EB582A25408A0004E173 /* Products */ = {
			isa = PBXGroup;
			children = (
				67B6EB572A25408A0004E173 /* PolyCore.framework */,
				67B6EB612A25408A0004E173 /* PolyCoreTests.xctest */,
			);
			name = Products;
			sourceTree = "<group>";
		};
		67B6EB592A25408A0004E173 /* PolyCore */ = {
			isa = PBXGroup;
			children = (
				67B6EBD12A25A4980004E173 /* Assets.xcassets */,
				67B6EBBE2A259FF90004E173 /* UI */,
				67B6EBA72A2556E30004E173 /* Actions */,
				67B6EB9E2A2550BE0004E173 /* Tasks */,
				67B6EB7A2A2549B60004E173 /* LYPageLayout */,
				67B6EBB12A256E390004E173 /* Sections */,
				67B6EBA42A25512D0004E173 /* Utilities */,
				67B6EB5A2A25408A0004E173 /* PolyCore.h */,
			);
			path = PolyCore;
			sourceTree = "<group>";
		};
		67B6EB652A25408A0004E173 /* PolyCoreTests */ = {
			isa = PBXGroup;
			children = (
				67B6EB662A25408A0004E173 /* PolyCoreTests.swift */,
			);
			path = PolyCoreTests;
			sourceTree = "<group>";
		};
		67B6EB7A2A2549B60004E173 /* LYPageLayout */ = {
			isa = PBXGroup;
			children = (
				67B6EB7B2A2549B60004E173 /* LYCollectionViewLayout.h */,
				67B6EB7C2A2549B60004E173 /* LYPageViewController.m */,
				67B6EB7D2A2549B60004E173 /* LYPage.m */,
				67B6EB7E2A2549B60004E173 /* LYCollectionViewBehavior.h */,
				67B6EB7F2A2549B60004E173 /* LYCollectionViewCustomBehavior.h */,
				67B6EB802A2549B60004E173 /* UIKit+LYAdditions.m */,
				67B6EB812A2549B60004E173 /* LYSection.h */,
				67B6EB822A2549B60004E173 /* README.md */,
				67B6EB832A2549B60004E173 /* LYCollectionViewLayout.m */,
				67B6EB842A2549B60004E173 /* LYPageLayout.h */,
				67B6EB852A2549B60004E173 /* LYPage.h */,
				67B6EB862A2549B60004E173 /* LYPageViewController.h */,
				67B6EB872A2549B60004E173 /* LYCollectionViewCustomBehavior.swift */,
				67B6EB892A2549B60004E173 /* UIKit+LYAdditions.h */,
				67B6EB8A2A2549B60004E173 /* LYCollectionViewCustomBehavior.m */,
				67B6EB8B2A2549B60004E173 /* LYCollectionViewBehavior.m */,
			);
			path = LYPageLayout;
			sourceTree = "<group>";
		};
		67B6EB9E2A2550BE0004E173 /* Tasks */ = {
			isa = PBXGroup;
			children = (
				67B6EBA02A2550E20004E173 /* Tasks.swift */,
				67B6EB9F2A2550E20004E173 /* Tasks_Tests.swift */,
			);
			path = Tasks;
			sourceTree = "<group>";
		};
		67B6EBA42A25512D0004E173 /* Utilities */ = {
			isa = PBXGroup;
			children = (
				67B6EC0A2A36D4B10004E173 /* ContentView.swift */,
				67B6EBFF2A286E190004E173 /* PageState_Tests.swift */,
				67B6EC002A286E190004E173 /* PageState.swift */,
				67B6EBFA2A286DFF0004E173 /* Cache_Tests.swift */,
				67B6EBF92A286DFF0004E173 /* Cache.swift */,
				67B6EBF72A286DFF0004E173 /* Debouncer_Tests.swift */,
				67B6EBF82A286DFF0004E173 /* Debouncer.swift */,
				67B6EBD52A25A5590004E173 /* UIColorExtensions.swift */,
				67B6EBD32A25A4EF0004E173 /* UIImageExtensions.swift */,
				67B6EBA52A2551430004E173 /* Errors.swift */,
				67B6EBAC2A2568440004E173 /* CollectionExtensions.swift */,
				67B6EBD92A25A7F60004E173 /* BundleExtensions.swift */,
			);
			path = Utilities;
			sourceTree = "<group>";
		};
		67B6EBA72A2556E30004E173 /* Actions */ = {
			isa = PBXGroup;
			children = (
				67B6EBA82A2565140004E173 /* Action.swift */,
				67B6EBAA2A2566850004E173 /* AlertAction.swift */,
				67B6EBBA2A256FBE0004E173 /* ContextMenuAction.swift */,
				67B6EBBC2A256FE90004E173 /* PanMenuAction.swift */,
			);
			path = Actions;
			sourceTree = "<group>";
		};
		67B6EBAE2A256DE90004E173 /* Frameworks */ = {
			isa = PBXGroup;
			children = (
				67B6EC492A395CB50004E173 /* AlamofireImage.framework */,
				67B6EC472A395C770004E173 /* Alamofire.framework */,
				67B6EBAF2A256DE90004E173 /* SwipeCellKit.framework */,
			);
			name = Frameworks;
			sourceTree = "<group>";
		};
		67B6EBB12A256E390004E173 /* Sections */ = {
			isa = PBXGroup;
			children = (
				67B6EBF12A25C06A0004E173 /* TextFieldSection.swift */,
				67B6EBEF2A25BFE50004E173 /* ProButtonSection.swift */,
				67B6EBEB2A25BF620004E173 /* AppearanceSection.swift */,
				67B6EBEC2A25BF620004E173 /* TitleSection.swift */,
				67B6EBE72A25BEFE0004E173 /* SliderSection.swift */,
				67B6EBE62A25BEFE0004E173 /* StepperSection.swift */,
				67B6EBE52A25BEFE0004E173 /* SwitchSection.swift */,
				67B6EBE32A25BEC80004E173 /* PickerSection.swift */,
				67B6EBE12A25BEA10004E173 /* SegmentedControlSection.swift */,
				67B6EBDF2A25BE730004E173 /* ButtonGroupSection.swift */,
				67B6EBDD2A25BE4B0004E173 /* ImageSection.swift */,
				67B6EBDB2A25BE150004E173 /* LoadingSection.swift */,
				67B6EBD72A25A5BA0004E173 /* SpacerSection.swift */,
				67B6EBBF2A25A01F0004E173 /* SeparatorSection.swift */,
				67B6EBB82A256F210004E173 /* ButtonSection.swift */,
				67B6EBB42A256ED90004E173 /* BasicSection.swift */,
				67B6EBB52A256ED90004E173 /* BasicView.swift */,
				67B6EBB22A256E770004E173 /* SectionStyle.swift */,
			);
			path = Sections;
			sourceTree = "<group>";
		};
		67B6EBBE2A259FF90004E173 /* UI */ = {
			isa = PBXGroup;
			children = (
				67B6EC0E2A36D76B0004E173 /* KeyboardShortcut.swift */,
				67B6EC0C2A36D7160004E173 /* LoadingPage.swift */,
				67B6EC082A288DB80004E173 /* BarItem.swift */,
				67B6EBF52A286D350004E173 /* GenericSections.swift */,
				67B6EBC92A25A3550004E173 /* UI.swift */,
				67B6EBCE2A25A3FF0004E173 /* Colors.swift */,
				67B6EBCD2A25A3FF0004E173 /* Resources.swift */,
				67B6EBC72A25A2A70004E173 /* ThemeController.swift */,
				67B6EBC52A25A1420004E173 /* Theme.swift */,
				67B6EBF32A2725780004E173 /* Alert.swift */,
			);
			path = UI;
			sourceTree = "<group>";
		};
/* End PBXGroup section */

/* Begin PBXHeadersBuildPhase section */
		67B6EB522A25408A0004E173 /* Headers */ = {
			isa = PBXHeadersBuildPhase;
			buildActionMask = 2147483647;
			files = (
				67B6EB952A2549B60004E173 /* LYPageLayout.h in Headers */,
				67B6EB962A2549B60004E173 /* LYPage.h in Headers */,
				67B6EB922A2549B60004E173 /* LYSection.h in Headers */,
				67B6EB8C2A2549B60004E173 /* LYCollectionViewLayout.h in Headers */,
				67B6EB8F2A2549B60004E173 /* LYCollectionViewBehavior.h in Headers */,
				67B6EB972A2549B60004E173 /* LYPageViewController.h in Headers */,
				67B6EB902A2549B60004E173 /* LYCollectionViewCustomBehavior.h in Headers */,
				67B6EB9A2A2549B60004E173 /* UIKit+LYAdditions.h in Headers */,
				67B6EB682A25408A0004E173 /* PolyCore.h in Headers */,
			);
			runOnlyForDeploymentPostprocessing = 0;
		};
/* End PBXHeadersBuildPhase section */

/* Begin PBXNativeTarget section */
		67B6EB562A25408A0004E173 /* PolyCore */ = {
			isa = PBXNativeTarget;
			buildConfigurationList = 67B6EB6B2A25408A0004E173 /* Build configuration list for PBXNativeTarget "PolyCore" */;
			buildPhases = (
				67B6EB522A25408A0004E173 /* Headers */,
				67B6EB532A25408A0004E173 /* Sources */,
				67B6EB542A25408A0004E173 /* Frameworks */,
				67B6EB552A25408A0004E173 /* Resources */,
			);
			buildRules = (
			);
			dependencies = (
			);
			name = PolyCore;
			productName = PolyCore;
			productReference = 67B6EB572A25408A0004E173 /* PolyCore.framework */;
			productType = "com.apple.product-type.framework";
		};
		67B6EB602A25408A0004E173 /* PolyCoreTests */ = {
			isa = PBXNativeTarget;
			buildConfigurationList = 67B6EB6E2A25408A0004E173 /* Build configuration list for PBXNativeTarget "PolyCoreTests" */;
			buildPhases = (
				67B6EB5D2A25408A0004E173 /* Sources */,
				67B6EB5E2A25408A0004E173 /* Frameworks */,
				67B6EB5F2A25408A0004E173 /* Resources */,
			);
			buildRules = (
			);
			dependencies = (
				67B6EB642A25408A0004E173 /* PBXTargetDependency */,
			);
			name = PolyCoreTests;
			productName = PolyCoreTests;
			productReference = 67B6EB612A25408A0004E173 /* PolyCoreTests.xctest */;
			productType = "com.apple.product-type.bundle.unit-test";
		};
/* End PBXNativeTarget section */

/* Begin PBXProject section */
		67B6EB4E2A25408A0004E173 /* Project object */ = {
			isa = PBXProject;
			attributes = {
				BuildIndependentTargetsInParallel = 1;
				LastSwiftUpdateCheck = 1310;
				LastUpgradeCheck = 1310;
				TargetAttributes = {
					67B6EB562A25408A0004E173 = {
						CreatedOnToolsVersion = 13.1;
					};
					67B6EB602A25408A0004E173 = {
						CreatedOnToolsVersion = 13.1;
					};
				};
			};
			buildConfigurationList = 67B6EB512A25408A0004E173 /* Build configuration list for PBXProject "PolyCore" */;
			compatibilityVersion = "Xcode 13.0";
			developmentRegion = en;
			hasScannedForEncodings = 0;
			knownRegions = (
				en,
				Base,
			);
			mainGroup = 67B6EB4D2A25408A0004E173;
			productRefGroup = 67B6EB582A25408A0004E173 /* Products */;
			projectDirPath = "";
			projectRoot = "";
			targets = (
				67B6EB562A25408A0004E173 /* PolyCore */,
				67B6EB602A25408A0004E173 /* PolyCoreTests */,
			);
		};
/* End PBXProject section */

/* Begin PBXResourcesBuildPhase section */
		67B6EB552A25408A0004E173 /* Resources */ = {
			isa = PBXResourcesBuildPhase;
			buildActionMask = 2147483647;
			files = (
				67B6EBD22A25A4980004E173 /* Assets.xcassets in Resources */,
				67B6EB932A2549B60004E173 /* README.md in Resources */,
			);
			runOnlyForDeploymentPostprocessing = 0;
		};
		67B6EB5F2A25408A0004E173 /* Resources */ = {
			isa = PBXResourcesBuildPhase;
			buildActionMask = 2147483647;
			files = (
			);
			runOnlyForDeploymentPostprocessing = 0;
		};
/* End PBXResourcesBuildPhase section */

/* Begin PBXSourcesBuildPhase section */
		67B6EB532A25408A0004E173 /* Sources */ = {
			isa = PBXSourcesBuildPhase;
			buildActionMask = 2147483647;
			files = (
				67B6EBFD2A286DFF0004E173 /* Cache.swift in Sources */,
				67B6EBDC2A25BE150004E173 /* LoadingSection.swift in Sources */,
				67B6EC0F2A36D76B0004E173 /* KeyboardShortcut.swift in Sources */,
				67B6EC0B2A36D4B10004E173 /* ContentView.swift in Sources */,
				67B6EBE82A25BEFE0004E173 /* SwitchSection.swift in Sources */,
				67B6EBD62A25A5590004E173 /* UIColorExtensions.swift in Sources */,
				67B6EBD82A25A5BA0004E173 /* SpacerSection.swift in Sources */,
				67B6EB982A2549B60004E173 /* LYCollectionViewCustomBehavior.swift in Sources */,
				67B6EBB32A256E770004E173 /* SectionStyle.swift in Sources */,
				67B6EBF42A2725780004E173 /* Alert.swift in Sources */,
				67B6EBA92A2565140004E173 /* Action.swift in Sources */,
				67B6EBDA2A25A7F60004E173 /* BundleExtensions.swift in Sources */,
				67B6EBED2A25BF620004E173 /* AppearanceSection.swift in Sources */,
				67B6EBB92A256F210004E173 /* ButtonSection.swift in Sources */,
				67B6EBEA2A25BEFE0004E173 /* SliderSection.swift in Sources */,
				67B6EC0D2A36D7160004E173 /* LoadingPage.swift in Sources */,
				67B6EBEE2A25BF620004E173 /* TitleSection.swift in Sources */,
				67B6EBD42A25A4EF0004E173 /* UIImageExtensions.swift in Sources */,
				67B6EB942A2549B60004E173 /* LYCollectionViewLayout.m in Sources */,
				67B6EBD02A25A3FF0004E173 /* Colors.swift in Sources */,
				67B6EBE22A25BEA10004E173 /* SegmentedControlSection.swift in Sources */,
				67B6EBC62A25A1420004E173 /* Theme.swift in Sources */,
				67B6EBE92A25BEFE0004E173 /* StepperSection.swift in Sources */,
				67B6EBDE2A25BE4B0004E173 /* ImageSection.swift in Sources */,
				67B6EBE42A25BEC80004E173 /* PickerSection.swift in Sources */,
				67B6EBF22A25C06A0004E173 /* TextFieldSection.swift in Sources */,
				67B6EBCA2A25A3550004E173 /* UI.swift in Sources */,
				67B6EB8E2A2549B60004E173 /* LYPage.m in Sources */,
				67B6EB9C2A2549B60004E173 /* LYCollectionViewBehavior.m in Sources */,
				67B6EBE02A25BE730004E173 /* ButtonGroupSection.swift in Sources */,
				67B6EBB72A256ED90004E173 /* BasicView.swift in Sources */,
				67B6EBAD2A2568440004E173 /* CollectionExtensions.swift in Sources */,
				67B6EBF02A25BFE50004E173 /* ProButtonSection.swift in Sources */,
				67B6EBBD2A256FE90004E173 /* PanMenuAction.swift in Sources */,
				67B6EBBB2A256FBE0004E173 /* ContextMenuAction.swift in Sources */,
				67B6EBC82A25A2A70004E173 /* ThemeController.swift in Sources */,
				67B6EBB62A256ED90004E173 /* BasicSection.swift in Sources */,
				67B6EBAB2A2566850004E173 /* AlertAction.swift in Sources */,
				67B6EB9B2A2549B60004E173 /* LYCollectionViewCustomBehavior.m in Sources */,
				67B6EBA62A2551430004E173 /* Errors.swift in Sources */,
				67B6EBFC2A286DFF0004E173 /* Debouncer.swift in Sources */,
				67B6EB8D2A2549B60004E173 /* LYPageViewController.m in Sources */,
				67B6EBA22A2550E20004E173 /* Tasks.swift in Sources */,
				67B6EBCF2A25A3FF0004E173 /* Resources.swift in Sources */,
				67B6EB912A2549B60004E173 /* UIKit+LYAdditions.m in Sources */,
				67B6EBC02A25A01F0004E173 /* SeparatorSection.swift in Sources */,
				67B6EC022A286E190004E173 /* PageState.swift in Sources */,
				67B6EBF62A286D350004E173 /* GenericSections.swift in Sources */,
				67B6EC092A288DB80004E173 /* BarItem.swift in Sources */,
			);
			runOnlyForDeploymentPostprocessing = 0;
		};
		67B6EB5D2A25408A0004E173 /* Sources */ = {
			isa = PBXSourcesBuildPhase;
			buildActionMask = 2147483647;
			files = (
				67B6EBA32A2550E60004E173 /* Tasks_Tests.swift in Sources */,
				67B6EB672A25408A0004E173 /* PolyCoreTests.swift in Sources */,
				67B6EC052A286EBC0004E173 /* Debouncer_Tests.swift in Sources */,
				67B6EC042A286EB90004E173 /* Cache_Tests.swift in Sources */,
				67B6EC032A286EB70004E173 /* PageState_Tests.swift in Sources */,
			);
			runOnlyForDeploymentPostprocessing = 0;
		};
/* End PBXSourcesBuildPhase section */

/* Begin PBXTargetDependency section */
		67B6EB642A25408A0004E173 /* PBXTargetDependency */ = {
			isa = PBXTargetDependency;
			target = 67B6EB562A25408A0004E173 /* PolyCore */;
			targetProxy = 67B6EB632A25408A0004E173 /* PBXContainerItemProxy */;
		};
/* End PBXTargetDependency section */

/* Begin XCBuildConfiguration section */
		67B6EB692A25408A0004E173 /* Debug */ = {
			isa = XCBuildConfiguration;
			buildSettings = {
				ALWAYS_SEARCH_USER_PATHS = NO;
				CLANG_ANALYZER_NONNULL = YES;
				CLANG_ANALYZER_NUMBER_OBJECT_CONVERSION = YES_AGGRESSIVE;
				CLANG_CXX_LANGUAGE_STANDARD = "gnu++17";
				CLANG_CXX_LIBRARY = "libc++";
				CLANG_ENABLE_MODULES = YES;
				CLANG_ENABLE_OBJC_ARC = YES;
				CLANG_ENABLE_OBJC_WEAK = YES;
				CLANG_WARN_BLOCK_CAPTURE_AUTORELEASING = YES;
				CLANG_WARN_BOOL_CONVERSION = YES;
				CLANG_WARN_COMMA = YES;
				CLANG_WARN_CONSTANT_CONVERSION = YES;
				CLANG_WARN_DEPRECATED_OBJC_IMPLEMENTATIONS = YES;
				CLANG_WARN_DIRECT_OBJC_ISA_USAGE = YES_ERROR;
				CLANG_WARN_DOCUMENTATION_COMMENTS = YES;
				CLANG_WARN_EMPTY_BODY = YES;
				CLANG_WARN_ENUM_CONVERSION = YES;
				CLANG_WARN_INFINITE_RECURSION = YES;
				CLANG_WARN_INT_CONVERSION = YES;
				CLANG_WARN_NON_LITERAL_NULL_CONVERSION = YES;
				CLANG_WARN_OBJC_IMPLICIT_RETAIN_SELF = YES;
				CLANG_WARN_OBJC_LITERAL_CONVERSION = YES;
				CLANG_WARN_OBJC_ROOT_CLASS = YES_ERROR;
				CLANG_WARN_QUOTED_INCLUDE_IN_FRAMEWORK_HEADER = YES;
				CLANG_WARN_RANGE_LOOP_ANALYSIS = YES;
				CLANG_WARN_STRICT_PROTOTYPES = YES;
				CLANG_WARN_SUSPICIOUS_MOVE = YES;
				CLANG_WARN_UNGUARDED_AVAILABILITY = YES_AGGRESSIVE;
				CLANG_WARN_UNREACHABLE_CODE = YES;
				CLANG_WARN__DUPLICATE_METHOD_MATCH = YES;
				COPY_PHASE_STRIP = NO;
				CURRENT_PROJECT_VERSION = 1;
				DEBUG_INFORMATION_FORMAT = dwarf;
				ENABLE_STRICT_OBJC_MSGSEND = YES;
				ENABLE_TESTABILITY = YES;
				GCC_C_LANGUAGE_STANDARD = gnu11;
				GCC_DYNAMIC_NO_PIC = NO;
				GCC_NO_COMMON_BLOCKS = YES;
				GCC_OPTIMIZATION_LEVEL = 0;
				GCC_PREPROCESSOR_DEFINITIONS = (
					"DEBUG=1",
					"$(inherited)",
				);
				GCC_WARN_64_TO_32_BIT_CONVERSION = YES;
				GCC_WARN_ABOUT_RETURN_TYPE = YES_ERROR;
				GCC_WARN_UNDECLARED_SELECTOR = YES;
				GCC_WARN_UNINITIALIZED_AUTOS = YES_AGGRESSIVE;
				GCC_WARN_UNUSED_FUNCTION = YES;
				GCC_WARN_UNUSED_VARIABLE = YES;
				IPHONEOS_DEPLOYMENT_TARGET = 15.0;
				MTL_ENABLE_DEBUG_INFO = INCLUDE_SOURCE;
				MTL_FAST_MATH = YES;
				ONLY_ACTIVE_ARCH = YES;
				SDKROOT = iphoneos;
				SWIFT_ACTIVE_COMPILATION_CONDITIONS = DEBUG;
				SWIFT_OPTIMIZATION_LEVEL = "-Onone";
				VERSIONING_SYSTEM = "apple-generic";
				VERSION_INFO_PREFIX = "";
			};
			name = Debug;
		};
		67B6EB6A2A25408A0004E173 /* Release */ = {
			isa = XCBuildConfiguration;
			buildSettings = {
				ALWAYS_SEARCH_USER_PATHS = NO;
				CLANG_ANALYZER_NONNULL = YES;
				CLANG_ANALYZER_NUMBER_OBJECT_CONVERSION = YES_AGGRESSIVE;
				CLANG_CXX_LANGUAGE_STANDARD = "gnu++17";
				CLANG_CXX_LIBRARY = "libc++";
				CLANG_ENABLE_MODULES = YES;
				CLANG_ENABLE_OBJC_ARC = YES;
				CLANG_ENABLE_OBJC_WEAK = YES;
				CLANG_WARN_BLOCK_CAPTURE_AUTORELEASING = YES;
				CLANG_WARN_BOOL_CONVERSION = YES;
				CLANG_WARN_COMMA = YES;
				CLANG_WARN_CONSTANT_CONVERSION = YES;
				CLANG_WARN_DEPRECATED_OBJC_IMPLEMENTATIONS = YES;
				CLANG_WARN_DIRECT_OBJC_ISA_USAGE = YES_ERROR;
				CLANG_WARN_DOCUMENTATION_COMMENTS = YES;
				CLANG_WARN_EMPTY_BODY = YES;
				CLANG_WARN_ENUM_CONVERSION = YES;
				CLANG_WARN_INFINITE_RECURSION = YES;
				CLANG_WARN_INT_CONVERSION = YES;
				CLANG_WARN_NON_LITERAL_NULL_CONVERSION = YES;
				CLANG_WARN_OBJC_IMPLICIT_RETAIN_SELF = YES;
				CLANG_WARN_OBJC_LITERAL_CONVERSION = YES;
				CLANG_WARN_OBJC_ROOT_CLASS = YES_ERROR;
				CLANG_WARN_QUOTED_INCLUDE_IN_FRAMEWORK_HEADER = YES;
				CLANG_WARN_RANGE_LOOP_ANALYSIS = YES;
				CLANG_WARN_STRICT_PROTOTYPES = YES;
				CLANG_WARN_SUSPICIOUS_MOVE = YES;
				CLANG_WARN_UNGUARDED_AVAILABILITY = YES_AGGRESSIVE;
				CLANG_WARN_UNREACHABLE_CODE = YES;
				CLANG_WARN__DUPLICATE_METHOD_MATCH = YES;
				COPY_PHASE_STRIP = NO;
				CURRENT_PROJECT_VERSION = 1;
				DEBUG_INFORMATION_FORMAT = "dwarf-with-dsym";
				ENABLE_NS_ASSERTIONS = NO;
				ENABLE_STRICT_OBJC_MSGSEND = YES;
				GCC_C_LANGUAGE_STANDARD = gnu11;
				GCC_NO_COMMON_BLOCKS = YES;
				GCC_WARN_64_TO_32_BIT_CONVERSION = YES;
				GCC_WARN_ABOUT_RETURN_TYPE = YES_ERROR;
				GCC_WARN_UNDECLARED_SELECTOR = YES;
				GCC_WARN_UNINITIALIZED_AUTOS = YES_AGGRESSIVE;
				GCC_WARN_UNUSED_FUNCTION = YES;
				GCC_WARN_UNUSED_VARIABLE = YES;
				IPHONEOS_DEPLOYMENT_TARGET = 15.0;
				MTL_ENABLE_DEBUG_INFO = NO;
				MTL_FAST_MATH = YES;
				SDKROOT = iphoneos;
				SWIFT_COMPILATION_MODE = wholemodule;
				SWIFT_OPTIMIZATION_LEVEL = "-O";
				VALIDATE_PRODUCT = YES;
				VERSIONING_SYSTEM = "apple-generic";
				VERSION_INFO_PREFIX = "";
			};
			name = Release;
		};
		67B6EB6C2A25408A0004E173 /* Debug */ = {
			isa = XCBuildConfiguration;
			buildSettings = {
				CODE_SIGN_STYLE = Automatic;
				CURRENT_PROJECT_VERSION = 1;
				DEFINES_MODULE = YES;
				DEVELOPMENT_TEAM = 4FSNNML42N;
				DYLIB_COMPATIBILITY_VERSION = 1;
				DYLIB_CURRENT_VERSION = 1;
				DYLIB_INSTALL_NAME_BASE = "@rpath";
				GENERATE_INFOPLIST_FILE = YES;
				INFOPLIST_KEY_NSHumanReadableCopyright = "";
				INSTALL_PATH = "$(LOCAL_LIBRARY_DIR)/Frameworks";
				IPHONEOS_DEPLOYMENT_TARGET = 13.0;
				LD_RUNPATH_SEARCH_PATHS = (
					"$(inherited)",
					"@executable_path/Frameworks",
					"@loader_path/Frameworks",
				);
				MARKETING_VERSION = 1.0;
				PRODUCT_BUNDLE_IDENTIFIER = com.polygitapp.PolyCore;
				PRODUCT_NAME = "$(TARGET_NAME:c99extidentifier)";
				SKIP_INSTALL = YES;
				SWIFT_EMIT_LOC_STRINGS = YES;
				SWIFT_VERSION = 5.0;
				TARGETED_DEVICE_FAMILY = "1,2";
			};
			name = Debug;
		};
		67B6EB6D2A25408A0004E173 /* Release */ = {
			isa = XCBuildConfiguration;
			buildSettings = {
				CODE_SIGN_STYLE = Automatic;
				CURRENT_PROJECT_VERSION = 1;
				DEFINES_MODULE = YES;
				DEVELOPMENT_TEAM = 4FSNNML42N;
				DYLIB_COMPATIBILITY_VERSION = 1;
				DYLIB_CURRENT_VERSION = 1;
				DYLIB_INSTALL_NAME_BASE = "@rpath";
				GENERATE_INFOPLIST_FILE = YES;
				INFOPLIST_KEY_NSHumanReadableCopyright = "";
				INSTALL_PATH = "$(LOCAL_LIBRARY_DIR)/Frameworks";
				IPHONEOS_DEPLOYMENT_TARGET = 13.0;
				LD_RUNPATH_SEARCH_PATHS = (
					"$(inherited)",
					"@executable_path/Frameworks",
					"@loader_path/Frameworks",
				);
				MARKETING_VERSION = 1.0;
				PRODUCT_BUNDLE_IDENTIFIER = com.polygitapp.PolyCore;
				PRODUCT_NAME = "$(TARGET_NAME:c99extidentifier)";
				SKIP_INSTALL = YES;
				SWIFT_EMIT_LOC_STRINGS = YES;
				SWIFT_VERSION = 5.0;
				TARGETED_DEVICE_FAMILY = "1,2";
			};
			name = Release;
		};
		67B6EB6F2A25408A0004E173 /* Debug */ = {
			isa = XCBuildConfiguration;
			buildSettings = {
				ALWAYS_EMBED_SWIFT_STANDARD_LIBRARIES = YES;
				CODE_SIGN_STYLE = Automatic;
				CURRENT_PROJECT_VERSION = 1;
				DEVELOPMENT_TEAM = 4FSNNML42N;
				GENERATE_INFOPLIST_FILE = YES;
				LD_RUNPATH_SEARCH_PATHS = (
					"$(inherited)",
					"@executable_path/Frameworks",
					"@loader_path/Frameworks",
				);
				MARKETING_VERSION = 1.0;
				PRODUCT_BUNDLE_IDENTIFIER = com.polygitapp.PolyCoreTests;
				PRODUCT_NAME = "$(TARGET_NAME)";
				SWIFT_EMIT_LOC_STRINGS = NO;
				SWIFT_VERSION = 5.0;
				TARGETED_DEVICE_FAMILY = "1,2";
			};
			name = Debug;
		};
		67B6EB702A25408A0004E173 /* Release */ = {
			isa = XCBuildConfiguration;
			buildSettings = {
				ALWAYS_EMBED_SWIFT_STANDARD_LIBRARIES = YES;
				CODE_SIGN_STYLE = Automatic;
				CURRENT_PROJECT_VERSION = 1;
				DEVELOPMENT_TEAM = 4FSNNML42N;
				GENERATE_INFOPLIST_FILE = YES;
				LD_RUNPATH_SEARCH_PATHS = (
					"$(inherited)",
					"@executable_path/Frameworks",
					"@loader_path/Frameworks",
				);
				MARKETING_VERSION = 1.0;
				PRODUCT_BUNDLE_IDENTIFIER = com.polygitapp.PolyCoreTests;
				PRODUCT_NAME = "$(TARGET_NAME)";
				SWIFT_EMIT_LOC_STRINGS = NO;
				SWIFT_VERSION = 5.0;
				TARGETED_DEVICE_FAMILY = "1,2";
			};
			name = Release;
		};
/* End XCBuildConfiguration section */

/* Begin XCConfigurationList section */
		67B6EB512A25408A0004E173 /* Build configuration list for PBXProject "PolyCore" */ = {
			isa = XCConfigurationList;
			buildConfigurations = (
				67B6EB692A25408A0004E173 /* Debug */,
				67B6EB6A2A25408A0004E173 /* Release */,
			);
			defaultConfigurationIsVisible = 0;
			defaultConfigurationName = Release;
		};
		67B6EB6B2A25408A0004E173 /* Build configuration list for PBXNativeTarget "PolyCore" */ = {
			isa = XCConfigurationList;
			buildConfigurations = (
				67B6EB6C2A25408A0004E173 /* Debug */,
				67B6EB6D2A25408A0004E173 /* Release */,
			);
			defaultConfigurationIsVisible = 0;
			defaultConfigurationName = Release;
		};
		67B6EB6E2A25408A0004E173 /* Build configuration list for PBXNativeTarget "PolyCoreTests" */ = {
			isa = XCConfigurationList;
			buildConfigurations = (
				67B6EB6F2A25408A0004E173 /* Debug */,
				67B6EB702A25408A0004E173 /* Release */,
			);
			defaultConfigurationIsVisible = 0;
			defaultConfigurationName = Release;
		};
/* End XCConfigurationList section */
	};
	rootObject = 67B6EB4E2A25408A0004E173 /* Project object */;
}
